
Microsoft Visual Studio Solution File, Format Version 12.00
# Visual Studio 15
VisualStudioVersion = 15.0.28307.757
MinimumVisualStudioVersion = 10.0.40219.1
Project("{9A19103F-16F7-4668-BE54-9A1E7A4F7556}") = "Tests", "Tests\Tests.csproj", "{9ADD2772-AD7B-475F-A7C7-3A1B7A02FEF4}"
EndProject
Project("{9A19103F-16F7-4668-BE54-9A1E7A4F7556}") = "Checkers", "Checkers\Checkers.csproj", "{B284F970-1345-4157-943F-5A6F548E9F86}"
EndProject
Project("{9A19103F-16F7-4668-BE54-9A1E7A4F7556}") = "Checkers.BLL", "Checkers.BLL\Checkers.BLL.csproj", "{4F9CE9A6-40E8-4998-8A9C-F861E84F14B7}"
EndProject
Project("{9A19103F-16F7-4668-BE54-9A1E7A4F7556}") = "Checkers.DAL", "Checkers.DAL\Checkers.DAL.csproj", "{57A66422-CA68-4329-9DC0-8CE40BFEE1CD}"
EndProject
Global
	GlobalSection(SolutionConfigurationPlatforms) = preSolution
		Debug|Any CPU = Debug|Any CPU
		Release|Any CPU = Release|Any CPU
	EndGlobalSection
	GlobalSection(ProjectConfigurationPlatforms) = postSolution
		{9ADD2772-AD7B-475F-A7C7-3A1B7A02FEF4}.Debug|Any CPU.ActiveCfg = Debug|Any CPU
		{9ADD2772-AD7B-475F-A7C7-3A1B7A02FEF4}.Debug|Any CPU.Build.0 = Debug|Any CPU
		{9ADD2772-AD7B-475F-A7C7-3A1B7A02FEF4}.Release|Any CPU.ActiveCfg = Release|Any CPU
		{9ADD2772-AD7B-475F-A7C7-3A1B7A02FEF4}.Release|Any CPU.Build.0 = Release|Any CPU
		{B284F970-1345-4157-943F-5A6F548E9F86}.Debug|Any CPU.ActiveCfg = Debug|Any CPU
		{B284F970-1345-4157-943F-5A6F548E9F86}.Debug|Any CPU.Build.0 = Debug|Any CPU
		{B284F970-1345-4157-943F-5A6F548E9F86}.Release|Any CPU.ActiveCfg = Release|Any CPU
		{B284F970-1345-4157-943F-5A6F548E9F86}.Release|Any CPU.Build.0 = Release|Any CPU
		{4F9CE9A6-40E8-4998-8A9C-F861E84F14B7}.Debug|Any CPU.ActiveCfg = Debug|Any CPU
		{4F9CE9A6-40E8-4998-8A9C-F861E84F14B7}.Debug|Any CPU.Build.0 = Debug|Any CPU
		{4F9CE9A6-40E8-4998-8A9C-F861E84F14B7}.Release|Any CPU.ActiveCfg = Release|Any CPU
		{4F9CE9A6-40E8-4998-8A9C-F861E84F14B7}.Release|Any CPU.Build.0 = Release|Any CPU
		{57A66422-CA68-4329-9DC0-8CE40BFEE1CD}.Debug|Any CPU.ActiveCfg = Debug|Any CPU
		{57A66422-CA68-4329-9DC0-8CE40BFEE1CD}.Debug|Any CPU.Build.0 = Debug|Any CPU
		{57A66422-CA68-4329-9DC0-8CE40BFEE1CD}.Release|Any CPU.ActiveCfg = Release|Any CPU
		{57A66422-CA68-4329-9DC0-8CE40BFEE1CD}.Release|Any CPU.Build.0 = Release|Any CPU
	EndGlobalSection
	GlobalSection(SolutionProperties) = preSolution
		HideSolutionNode = FALSE
	EndGlobalSection
	GlobalSection(ExtensibilityGlobals) = postSolution
		SolutionGuid = {ABC86B00-B91D-42F3-BDC1-09DB944B6FE8}
	EndGlobalSection
EndGlobal
